
Microsoft Visual Studio Solution File, Format Version 12.00
# Visual Studio Version 17
VisualStudioVersion = 17.0.31903.59
MinimumVisualStudioVersion = 10.0.40219.1
Project("{2150E333-8FDC-42A3-9474-1A3956D46DE8}") = "Curso_nelio_alves", "Curso_nelio_alves", "{4024EABE-D2E9-46E6-9B1D-0BBB845B4664}"
EndProject
Project("{2150E333-8FDC-42A3-9474-1A3956D46DE8}") = "secao_4", "secao_4", "{9018DCC6-3F1F-4500-8366-1DBFA75587AA}"
EndProject
Project("{FAE04EC0-301F-11D3-BF4B-00C04F79EFBC}") = "Estoquee", "Curso_nelio_alves\secao_4\Estoquee\Estoquee.csproj", "{7E1CC399-473E-4915-B8E9-D15E78689E20}"
EndProject
Project("{FAE04EC0-301F-11D3-BF4B-00C04F79EFBC}") = "Retangulo", "Curso_nelio_alves\secao_4\Retangulo\Retangulo.csproj", "{C0508708-8C24-4750-B6B7-F0E214D35E72}"
EndProject
Project("{FAE04EC0-301F-11D3-BF4B-00C04F79EFBC}") = "Funcionario", "Curso_nelio_alves\secao_4\Funcionario\Funcionario.csproj", "{1DD68901-9900-45CC-9C1D-E6FBFFC4DF87}"
EndProject
Project("{FAE04EC0-301F-11D3-BF4B-00C04F79EFBC}") = "Aluno", "Curso_nelio_alves\secao_4\Aluno\Aluno.csproj", "{B2102BCA-781D-411D-8375-AFB2804E23BD}"
EndProject
Global
	GlobalSection(SolutionConfigurationPlatforms) = preSolution
		Debug|Any CPU = Debug|Any CPU
		Release|Any CPU = Release|Any CPU
	EndGlobalSection
	GlobalSection(SolutionProperties) = preSolution
		HideSolutionNode = FALSE
	EndGlobalSection
	GlobalSection(ProjectConfigurationPlatforms) = postSolution
		{7E1CC399-473E-4915-B8E9-D15E78689E20}.Debug|Any CPU.ActiveCfg = Debug|Any CPU
		{7E1CC399-473E-4915-B8E9-D15E78689E20}.Debug|Any CPU.Build.0 = Debug|Any CPU
		{7E1CC399-473E-4915-B8E9-D15E78689E20}.Release|Any CPU.ActiveCfg = Release|Any CPU
		{7E1CC399-473E-4915-B8E9-D15E78689E20}.Release|Any CPU.Build.0 = Release|Any CPU
		{C0508708-8C24-4750-B6B7-F0E214D35E72}.Debug|Any CPU.ActiveCfg = Debug|Any CPU
		{C0508708-8C24-4750-B6B7-F0E214D35E72}.Debug|Any CPU.Build.0 = Debug|Any CPU
		{C0508708-8C24-4750-B6B7-F0E214D35E72}.Release|Any CPU.ActiveCfg = Release|Any CPU
		{C0508708-8C24-4750-B6B7-F0E214D35E72}.Release|Any CPU.Build.0 = Release|Any CPU
		{1DD68901-9900-45CC-9C1D-E6FBFFC4DF87}.Debug|Any CPU.ActiveCfg = Debug|Any CPU
		{1DD68901-9900-45CC-9C1D-E6FBFFC4DF87}.Debug|Any CPU.Build.0 = Debug|Any CPU
		{1DD68901-9900-45CC-9C1D-E6FBFFC4DF87}.Release|Any CPU.ActiveCfg = Release|Any CPU
		{1DD68901-9900-45CC-9C1D-E6FBFFC4DF87}.Release|Any CPU.Build.0 = Release|Any CPU
		{B2102BCA-781D-411D-8375-AFB2804E23BD}.Debug|Any CPU.ActiveCfg = Debug|Any CPU
		{B2102BCA-781D-411D-8375-AFB2804E23BD}.Debug|Any CPU.Build.0 = Debug|Any CPU
		{B2102BCA-781D-411D-8375-AFB2804E23BD}.Release|Any CPU.ActiveCfg = Release|Any CPU
		{B2102BCA-781D-411D-8375-AFB2804E23BD}.Release|Any CPU.Build.0 = Release|Any CPU
	EndGlobalSection
	GlobalSection(NestedProjects) = preSolution
		{9018DCC6-3F1F-4500-8366-1DBFA75587AA} = {4024EABE-D2E9-46E6-9B1D-0BBB845B4664}
		{7E1CC399-473E-4915-B8E9-D15E78689E20} = {9018DCC6-3F1F-4500-8366-1DBFA75587AA}
		{C0508708-8C24-4750-B6B7-F0E214D35E72} = {9018DCC6-3F1F-4500-8366-1DBFA75587AA}
		{1DD68901-9900-45CC-9C1D-E6FBFFC4DF87} = {9018DCC6-3F1F-4500-8366-1DBFA75587AA}
		{B2102BCA-781D-411D-8375-AFB2804E23BD} = {9018DCC6-3F1F-4500-8366-1DBFA75587AA}
	EndGlobalSection
EndGlobal
